
Microsoft Visual Studio Solution File, Format Version 12.00
# Visual Studio Version 17
VisualStudioVersion = 17.0.31612.314
MinimumVisualStudioVersion = 10.0.40219.1
Project("{9A19103F-16F7-4668-BE54-9A1E7A4F7556}") = "Jellyfish.Json", "Jellyfish.Json\Jellyfish.Json.csproj", "{76D11EDE-BA9F-49D4-8084-9370657FF06A}"
EndProject
Project("{9A19103F-16F7-4668-BE54-9A1E7A4F7556}") = "Jellyfish.Json.Tests", "Jellyfish.Json.Tests\Jellyfish.Json.Tests.csproj", "{9BED2F1C-CA6A-47D5-B933-991129F21CAC}"
EndProject
Project("{9A19103F-16F7-4668-BE54-9A1E7A4F7556}") = "Jellyfish.API.Core", "Jellyfish.API.Core\Jellyfish.API.Core.csproj", "{1990A612-A208-422A-9B11-72E6CFC3C0F5}"
EndProject
Project("{9A19103F-16F7-4668-BE54-9A1E7A4F7556}") = "Jellyfish.Sample", "Jellyfish.Sample\Jellyfish.Sample.csproj", "{44AD986D-E377-434F-8744-64C3895E61E1}"
EndProject
Project("{2150E333-8FDC-42A3-9474-1A3956D46DE8}") = "Solution Items", "Solution Items", "{815879BD-FFBF-4DB4-BD82-129F3CD35AFC}"
	ProjectSection(SolutionItems) = preProject
		.editorconfig = .editorconfig
		LICENSE = LICENSE
		README.md = README.md
	EndProjectSection
EndProject
Project("{9A19103F-16F7-4668-BE54-9A1E7A4F7556}") = "Jellyfish.API.Blockchain", "Jellyfish.API.Blockchain\Jellyfish.API.Blockchain.csproj", "{A98FAF59-55CD-45A7-BBE4-3A0D88A14B44}"
EndProject
Project("{9A19103F-16F7-4668-BE54-9A1E7A4F7556}") = "Jellyfish.API.Account", "Jellyfish.API.Account\Jellyfish.API.Account.csproj", "{510F125C-CA74-4F0B-AEDD-0712CF89B001}"
EndProject
Project("{9A19103F-16F7-4668-BE54-9A1E7A4F7556}") = "Jellyfish.API.Oracle", "Jellyfish.API.Oracle\Jellyfish.API.Oracle.csproj", "{6FE104AF-1450-4D22-917F-0402CCD3724C}"
EndProject
Project("{9A19103F-16F7-4668-BE54-9A1E7A4F7556}") = "Jellyfish", "Jellyfish\Jellyfish.csproj", "{94A9EC85-1330-48D6-9640-A44C551AD901}"
EndProject
Project("{2150E333-8FDC-42A3-9474-1A3956D46DE8}") = "Tests", "Tests", "{39A95CD0-1C90-4688-98BD-BFE26067337C}"
EndProject
Project("{2150E333-8FDC-42A3-9474-1A3956D46DE8}") = "API", "API", "{9F48A764-AF72-4C4E-B630-CDA29B3F3D65}"
EndProject
Project("{9A19103F-16F7-4668-BE54-9A1E7A4F7556}") = "Jellyfish.JsonRpc", "Jellyfish.JsonRpc\Jellyfish.JsonRpc.csproj", "{A5A8F489-D766-41EC-9961-DF0218C740C1}"
EndProject
Project("{9A19103F-16F7-4668-BE54-9A1E7A4F7556}") = "Jellyfish.API.Governance", "Jellyfish.API.Governance\Jellyfish.API.Governance.csproj", "{E4B956FA-87AB-4741-ADB2-72019C2F3A95}"
EndProject
Project("{9A19103F-16F7-4668-BE54-9A1E7A4F7556}") = "Jellyfish.API.ICXOrderBook", "Jellyfish.API.ICXOrderBook\Jellyfish.API.ICXOrderBook.csproj", "{1B1DD905-2887-4B3B-962C-01F3440C72DB}"
EndProject
Project("{9A19103F-16F7-4668-BE54-9A1E7A4F7556}") = "Jellyfish.API.Net", "Jellyfish.API.Net\Jellyfish.API.Net.csproj", "{4F7D218B-14E1-4AF7-8437-01CB409AA6D1}"
EndProject
Project("{9A19103F-16F7-4668-BE54-9A1E7A4F7556}") = "Jellyfish.API.Misc", "Jellyfish.API.Misc\Jellyfish.API.Misc.csproj", "{5ADBD0E6-2343-4FC2-A7E6-469537427465}"
EndProject
Project("{9A19103F-16F7-4668-BE54-9A1E7A4F7556}") = "Jellyfish.API.Loan", "Jellyfish.API.Loan\Jellyfish.API.Loan.csproj", "{4C2C6454-2B43-4241-A51A-476DADFF296C}"
EndProject
Project("{9A19103F-16F7-4668-BE54-9A1E7A4F7556}") = "Jellyfish.API.Token", "Jellyfish.API.Token\Jellyfish.API.Token.csproj", "{24361538-BAC1-4A05-B50E-633A07C9CF7B}"
EndProject
Project("{9A19103F-16F7-4668-BE54-9A1E7A4F7556}") = "Jellyfish.API.Masternode", "Jellyfish.API.Masternode\Jellyfish.API.Masternode.csproj", "{D2BB7DC7-4F61-4829-8999-23D70AF0B4D8}"
EndProject
Project("{9A19103F-16F7-4668-BE54-9A1E7A4F7556}") = "Jellyfish.API.Mining", "Jellyfish.API.Mining\Jellyfish.API.Mining.csproj", "{B2738D37-3AF1-4770-BA98-1141493FCDE5}"
EndProject
Project("{9A19103F-16F7-4668-BE54-9A1E7A4F7556}") = "Jellyfish.API.Server", "Jellyfish.API.Server\Jellyfish.API.Server.csproj", "{CA3A06D8-0589-4A69-BD3D-E5BBA59BC37E}"
EndProject
Project("{9A19103F-16F7-4668-BE54-9A1E7A4F7556}") = "Jellyfish.API.PoolPair", "Jellyfish.API.PoolPair\Jellyfish.API.PoolPair.csproj", "{69EF0E38-7550-4D89-8475-ECE3DA60DD9E}"
EndProject
Project("{9A19103F-16F7-4668-BE54-9A1E7A4F7556}") = "Jellyfish.API.RawTransaction", "Jellyfish.API.RawTransaction\Jellyfish.API.RawTransaction.csproj", "{A9860DE3-F9BC-467E-84FB-9A83A1682991}"
EndProject
Project("{9A19103F-16F7-4668-BE54-9A1E7A4F7556}") = "Jellyfish.API.SPV", "Jellyfish.API.SPV\Jellyfish.API.SPV.csproj", "{DA35D28A-D8D4-4F44-A371-FEA4D6628A5C}"
EndProject
Project("{9A19103F-16F7-4668-BE54-9A1E7A4F7556}") = "Jellyfish.API.Wallet", "Jellyfish.API.Wallet\Jellyfish.API.Wallet.csproj", "{783F8A8D-F0DA-463B-B06A-29A0735E468E}"
EndProject
Global
	GlobalSection(SolutionConfigurationPlatforms) = preSolution
		Debug|Any CPU = Debug|Any CPU
		Release|Any CPU = Release|Any CPU
	EndGlobalSection
	GlobalSection(ProjectConfigurationPlatforms) = postSolution
		{76D11EDE-BA9F-49D4-8084-9370657FF06A}.Debug|Any CPU.ActiveCfg = Debug|Any CPU
		{76D11EDE-BA9F-49D4-8084-9370657FF06A}.Debug|Any CPU.Build.0 = Debug|Any CPU
		{76D11EDE-BA9F-49D4-8084-9370657FF06A}.Release|Any CPU.ActiveCfg = Release|Any CPU
		{76D11EDE-BA9F-49D4-8084-9370657FF06A}.Release|Any CPU.Build.0 = Release|Any CPU
		{9BED2F1C-CA6A-47D5-B933-991129F21CAC}.Debug|Any CPU.ActiveCfg = Debug|Any CPU
		{9BED2F1C-CA6A-47D5-B933-991129F21CAC}.Debug|Any CPU.Build.0 = Debug|Any CPU
		{9BED2F1C-CA6A-47D5-B933-991129F21CAC}.Release|Any CPU.ActiveCfg = Release|Any CPU
		{9BED2F1C-CA6A-47D5-B933-991129F21CAC}.Release|Any CPU.Build.0 = Release|Any CPU
		{1990A612-A208-422A-9B11-72E6CFC3C0F5}.Debug|Any CPU.ActiveCfg = Debug|Any CPU
		{1990A612-A208-422A-9B11-72E6CFC3C0F5}.Debug|Any CPU.Build.0 = Debug|Any CPU
		{1990A612-A208-422A-9B11-72E6CFC3C0F5}.Release|Any CPU.ActiveCfg = Release|Any CPU
		{1990A612-A208-422A-9B11-72E6CFC3C0F5}.Release|Any CPU.Build.0 = Release|Any CPU
		{44AD986D-E377-434F-8744-64C3895E61E1}.Debug|Any CPU.ActiveCfg = Debug|Any CPU
		{44AD986D-E377-434F-8744-64C3895E61E1}.Debug|Any CPU.Build.0 = Debug|Any CPU
		{44AD986D-E377-434F-8744-64C3895E61E1}.Release|Any CPU.ActiveCfg = Release|Any CPU
		{44AD986D-E377-434F-8744-64C3895E61E1}.Release|Any CPU.Build.0 = Release|Any CPU
		{A98FAF59-55CD-45A7-BBE4-3A0D88A14B44}.Debug|Any CPU.ActiveCfg = Debug|Any CPU
		{A98FAF59-55CD-45A7-BBE4-3A0D88A14B44}.Debug|Any CPU.Build.0 = Debug|Any CPU
		{A98FAF59-55CD-45A7-BBE4-3A0D88A14B44}.Release|Any CPU.ActiveCfg = Release|Any CPU
		{A98FAF59-55CD-45A7-BBE4-3A0D88A14B44}.Release|Any CPU.Build.0 = Release|Any CPU
		{510F125C-CA74-4F0B-AEDD-0712CF89B001}.Debug|Any CPU.ActiveCfg = Debug|Any CPU
		{510F125C-CA74-4F0B-AEDD-0712CF89B001}.Debug|Any CPU.Build.0 = Debug|Any CPU
		{510F125C-CA74-4F0B-AEDD-0712CF89B001}.Release|Any CPU.ActiveCfg = Release|Any CPU
		{510F125C-CA74-4F0B-AEDD-0712CF89B001}.Release|Any CPU.Build.0 = Release|Any CPU
		{6FE104AF-1450-4D22-917F-0402CCD3724C}.Debug|Any CPU.ActiveCfg = Debug|Any CPU
		{6FE104AF-1450-4D22-917F-0402CCD3724C}.Debug|Any CPU.Build.0 = Debug|Any CPU
		{6FE104AF-1450-4D22-917F-0402CCD3724C}.Release|Any CPU.ActiveCfg = Release|Any CPU
		{6FE104AF-1450-4D22-917F-0402CCD3724C}.Release|Any CPU.Build.0 = Release|Any CPU
		{94A9EC85-1330-48D6-9640-A44C551AD901}.Debug|Any CPU.ActiveCfg = Debug|Any CPU
		{94A9EC85-1330-48D6-9640-A44C551AD901}.Debug|Any CPU.Build.0 = Debug|Any CPU
		{94A9EC85-1330-48D6-9640-A44C551AD901}.Release|Any CPU.ActiveCfg = Release|Any CPU
		{94A9EC85-1330-48D6-9640-A44C551AD901}.Release|Any CPU.Build.0 = Release|Any CPU
		{A5A8F489-D766-41EC-9961-DF0218C740C1}.Debug|Any CPU.ActiveCfg = Debug|Any CPU
		{A5A8F489-D766-41EC-9961-DF0218C740C1}.Debug|Any CPU.Build.0 = Debug|Any CPU
		{A5A8F489-D766-41EC-9961-DF0218C740C1}.Release|Any CPU.ActiveCfg = Release|Any CPU
		{A5A8F489-D766-41EC-9961-DF0218C740C1}.Release|Any CPU.Build.0 = Release|Any CPU
		{E4B956FA-87AB-4741-ADB2-72019C2F3A95}.Debug|Any CPU.ActiveCfg = Debug|Any CPU
		{E4B956FA-87AB-4741-ADB2-72019C2F3A95}.Debug|Any CPU.Build.0 = Debug|Any CPU
		{E4B956FA-87AB-4741-ADB2-72019C2F3A95}.Release|Any CPU.ActiveCfg = Release|Any CPU
		{E4B956FA-87AB-4741-ADB2-72019C2F3A95}.Release|Any CPU.Build.0 = Release|Any CPU
		{1B1DD905-2887-4B3B-962C-01F3440C72DB}.Debug|Any CPU.ActiveCfg = Debug|Any CPU
		{1B1DD905-2887-4B3B-962C-01F3440C72DB}.Debug|Any CPU.Build.0 = Debug|Any CPU
		{1B1DD905-2887-4B3B-962C-01F3440C72DB}.Release|Any CPU.ActiveCfg = Release|Any CPU
		{1B1DD905-2887-4B3B-962C-01F3440C72DB}.Release|Any CPU.Build.0 = Release|Any CPU
		{4F7D218B-14E1-4AF7-8437-01CB409AA6D1}.Debug|Any CPU.ActiveCfg = Debug|Any CPU
		{4F7D218B-14E1-4AF7-8437-01CB409AA6D1}.Debug|Any CPU.Build.0 = Debug|Any CPU
		{4F7D218B-14E1-4AF7-8437-01CB409AA6D1}.Release|Any CPU.ActiveCfg = Release|Any CPU
		{4F7D218B-14E1-4AF7-8437-01CB409AA6D1}.Release|Any CPU.Build.0 = Release|Any CPU
		{5ADBD0E6-2343-4FC2-A7E6-469537427465}.Debug|Any CPU.ActiveCfg = Debug|Any CPU
		{5ADBD0E6-2343-4FC2-A7E6-469537427465}.Debug|Any CPU.Build.0 = Debug|Any CPU
		{5ADBD0E6-2343-4FC2-A7E6-469537427465}.Release|Any CPU.ActiveCfg = Release|Any CPU
		{5ADBD0E6-2343-4FC2-A7E6-469537427465}.Release|Any CPU.Build.0 = Release|Any CPU
		{4C2C6454-2B43-4241-A51A-476DADFF296C}.Debug|Any CPU.ActiveCfg = Debug|Any CPU
		{4C2C6454-2B43-4241-A51A-476DADFF296C}.Debug|Any CPU.Build.0 = Debug|Any CPU
		{4C2C6454-2B43-4241-A51A-476DADFF296C}.Release|Any CPU.ActiveCfg = Release|Any CPU
		{4C2C6454-2B43-4241-A51A-476DADFF296C}.Release|Any CPU.Build.0 = Release|Any CPU
		{24361538-BAC1-4A05-B50E-633A07C9CF7B}.Debug|Any CPU.ActiveCfg = Debug|Any CPU
		{24361538-BAC1-4A05-B50E-633A07C9CF7B}.Debug|Any CPU.Build.0 = Debug|Any CPU
		{24361538-BAC1-4A05-B50E-633A07C9CF7B}.Release|Any CPU.ActiveCfg = Release|Any CPU
		{24361538-BAC1-4A05-B50E-633A07C9CF7B}.Release|Any CPU.Build.0 = Release|Any CPU
		{D2BB7DC7-4F61-4829-8999-23D70AF0B4D8}.Debug|Any CPU.ActiveCfg = Debug|Any CPU
		{D2BB7DC7-4F61-4829-8999-23D70AF0B4D8}.Debug|Any CPU.Build.0 = Debug|Any CPU
		{D2BB7DC7-4F61-4829-8999-23D70AF0B4D8}.Release|Any CPU.ActiveCfg = Release|Any CPU
		{D2BB7DC7-4F61-4829-8999-23D70AF0B4D8}.Release|Any CPU.Build.0 = Release|Any CPU
		{B2738D37-3AF1-4770-BA98-1141493FCDE5}.Debug|Any CPU.ActiveCfg = Debug|Any CPU
		{B2738D37-3AF1-4770-BA98-1141493FCDE5}.Debug|Any CPU.Build.0 = Debug|Any CPU
		{B2738D37-3AF1-4770-BA98-1141493FCDE5}.Release|Any CPU.ActiveCfg = Release|Any CPU
		{B2738D37-3AF1-4770-BA98-1141493FCDE5}.Release|Any CPU.Build.0 = Release|Any CPU
		{CA3A06D8-0589-4A69-BD3D-E5BBA59BC37E}.Debug|Any CPU.ActiveCfg = Debug|Any CPU
		{CA3A06D8-0589-4A69-BD3D-E5BBA59BC37E}.Debug|Any CPU.Build.0 = Debug|Any CPU
		{CA3A06D8-0589-4A69-BD3D-E5BBA59BC37E}.Release|Any CPU.ActiveCfg = Release|Any CPU
		{CA3A06D8-0589-4A69-BD3D-E5BBA59BC37E}.Release|Any CPU.Build.0 = Release|Any CPU
		{69EF0E38-7550-4D89-8475-ECE3DA60DD9E}.Debug|Any CPU.ActiveCfg = Debug|Any CPU
		{69EF0E38-7550-4D89-8475-ECE3DA60DD9E}.Debug|Any CPU.Build.0 = Debug|Any CPU
		{69EF0E38-7550-4D89-8475-ECE3DA60DD9E}.Release|Any CPU.ActiveCfg = Release|Any CPU
		{69EF0E38-7550-4D89-8475-ECE3DA60DD9E}.Release|Any CPU.Build.0 = Release|Any CPU
		{A9860DE3-F9BC-467E-84FB-9A83A1682991}.Debug|Any CPU.ActiveCfg = Debug|Any CPU
		{A9860DE3-F9BC-467E-84FB-9A83A1682991}.Debug|Any CPU.Build.0 = Debug|Any CPU
		{A9860DE3-F9BC-467E-84FB-9A83A1682991}.Release|Any CPU.ActiveCfg = Release|Any CPU
		{A9860DE3-F9BC-467E-84FB-9A83A1682991}.Release|Any CPU.Build.0 = Release|Any CPU
		{DA35D28A-D8D4-4F44-A371-FEA4D6628A5C}.Debug|Any CPU.ActiveCfg = Debug|Any CPU
		{DA35D28A-D8D4-4F44-A371-FEA4D6628A5C}.Debug|Any CPU.Build.0 = Debug|Any CPU
		{DA35D28A-D8D4-4F44-A371-FEA4D6628A5C}.Release|Any CPU.ActiveCfg = Release|Any CPU
		{DA35D28A-D8D4-4F44-A371-FEA4D6628A5C}.Release|Any CPU.Build.0 = Release|Any CPU
		{783F8A8D-F0DA-463B-B06A-29A0735E468E}.Debug|Any CPU.ActiveCfg = Debug|Any CPU
		{783F8A8D-F0DA-463B-B06A-29A0735E468E}.Debug|Any CPU.Build.0 = Debug|Any CPU
		{783F8A8D-F0DA-463B-B06A-29A0735E468E}.Release|Any CPU.ActiveCfg = Release|Any CPU
		{783F8A8D-F0DA-463B-B06A-29A0735E468E}.Release|Any CPU.Build.0 = Release|Any CPU
	EndGlobalSection
	GlobalSection(SolutionProperties) = preSolution
		HideSolutionNode = FALSE
	EndGlobalSection
	GlobalSection(NestedProjects) = preSolution
		{9BED2F1C-CA6A-47D5-B933-991129F21CAC} = {39A95CD0-1C90-4688-98BD-BFE26067337C}
		{1990A612-A208-422A-9B11-72E6CFC3C0F5} = {9F48A764-AF72-4C4E-B630-CDA29B3F3D65}
		{A98FAF59-55CD-45A7-BBE4-3A0D88A14B44} = {9F48A764-AF72-4C4E-B630-CDA29B3F3D65}
		{510F125C-CA74-4F0B-AEDD-0712CF89B001} = {9F48A764-AF72-4C4E-B630-CDA29B3F3D65}
		{6FE104AF-1450-4D22-917F-0402CCD3724C} = {9F48A764-AF72-4C4E-B630-CDA29B3F3D65}
		{E4B956FA-87AB-4741-ADB2-72019C2F3A95} = {9F48A764-AF72-4C4E-B630-CDA29B3F3D65}
		{1B1DD905-2887-4B3B-962C-01F3440C72DB} = {9F48A764-AF72-4C4E-B630-CDA29B3F3D65}
		{4F7D218B-14E1-4AF7-8437-01CB409AA6D1} = {9F48A764-AF72-4C4E-B630-CDA29B3F3D65}
		{5ADBD0E6-2343-4FC2-A7E6-469537427465} = {9F48A764-AF72-4C4E-B630-CDA29B3F3D65}
		{4C2C6454-2B43-4241-A51A-476DADFF296C} = {9F48A764-AF72-4C4E-B630-CDA29B3F3D65}
		{24361538-BAC1-4A05-B50E-633A07C9CF7B} = {9F48A764-AF72-4C4E-B630-CDA29B3F3D65}
		{D2BB7DC7-4F61-4829-8999-23D70AF0B4D8} = {9F48A764-AF72-4C4E-B630-CDA29B3F3D65}
		{B2738D37-3AF1-4770-BA98-1141493FCDE5} = {9F48A764-AF72-4C4E-B630-CDA29B3F3D65}
		{CA3A06D8-0589-4A69-BD3D-E5BBA59BC37E} = {9F48A764-AF72-4C4E-B630-CDA29B3F3D65}
		{69EF0E38-7550-4D89-8475-ECE3DA60DD9E} = {9F48A764-AF72-4C4E-B630-CDA29B3F3D65}
		{A9860DE3-F9BC-467E-84FB-9A83A1682991} = {9F48A764-AF72-4C4E-B630-CDA29B3F3D65}
		{DA35D28A-D8D4-4F44-A371-FEA4D6628A5C} = {9F48A764-AF72-4C4E-B630-CDA29B3F3D65}
		{783F8A8D-F0DA-463B-B06A-29A0735E468E} = {9F48A764-AF72-4C4E-B630-CDA29B3F3D65}
	EndGlobalSection
	GlobalSection(ExtensibilityGlobals) = postSolution
		SolutionGuid = {09DC121E-68D2-4197-BDEA-17D3E66779B9}
	EndGlobalSection
EndGlobal
